
Microsoft Visual Studio Solution File, Format Version 12.00
# Visual Studio Version 16
VisualStudioVersion = 25.0.1706.4
MinimumVisualStudioVersion = 10.0.40219.1
Project("{FAE04EC0-301F-11D3-BF4B-00C04F79EFBC}") = "corbado-demo", "corbado-demo\corbado-demo.csproj", "{701D0A0A-4118-4C39-BFE1-15550FB398D9}"
EndProject
Global
	GlobalSection(SolutionConfigurationPlatforms) = preSolution
		Debug|Any CPU = Debug|Any CPU
		Release|Any CPU = Release|Any CPU
	EndGlobalSection
	GlobalSection(ProjectConfigurationPlatforms) = postSolution
		{701D0A0A-4118-4C39-BFE1-15550FB398D9}.Debug|Any CPU.ActiveCfg = Debug|Any CPU
		{701D0A0A-4118-4C39-BFE1-15550FB398D9}.Debug|Any CPU.Build.0 = Debug|Any CPU
		{701D0A0A-4118-4C39-BFE1-15550FB398D9}.Release|Any CPU.ActiveCfg = Release|Any CPU
		{701D0A0A-4118-4C39-BFE1-15550FB398D9}.Release|Any CPU.Build.0 = Release|Any CPU
	EndGlobalSection
	GlobalSection(SolutionProperties) = preSolution
		HideSolutionNode = FALSE
	EndGlobalSection
	GlobalSection(ExtensibilityGlobals) = postSolution
		SolutionGuid = {5FB63F1B-C69E-4776-9B60-E392D56C30A2}
	EndGlobalSection
EndGlobal
